
Microsoft Visual Studio Solution File, Format Version 12.00
# Visual Studio Version 16
VisualStudioVersion = 16.0.32126.315
MinimumVisualStudioVersion = 10.0.40219.1
Project("{FAE04EC0-301F-11D3-BF4B-00C04F79EFBC}") = "OddLines", "OddLines.csproj", "{B04CF225-5379-4A15-88D5-2E76F6FF4F10}"
EndProject
Project("{FAE04EC0-301F-11D3-BF4B-00C04F79EFBC}") = "LineNumbers", "..\LineNumbers\LineNumbers.csproj", "{FF0030F2-82B3-4AFF-855F-982F0CBA8322}"
EndProject
Project("{FAE04EC0-301F-11D3-BF4B-00C04F79EFBC}") = "WordCount", "..\WordCount\WordCount.csproj", "{4E0197CD-775E-4591-9BF0-93BC67EF6519}"
EndProject
Project("{FAE04EC0-301F-11D3-BF4B-00C04F79EFBC}") = "MergeFiles", "..\MergeFiles\MergeFiles.csproj", "{451AC2B1-4D38-4F09-BB5E-DA93DC9AD0C5}"
EndProject
Project("{FAE04EC0-301F-11D3-BF4B-00C04F79EFBC}") = "FolderSize", "..\FolderSize\FolderSize.csproj", "{D052009B-0654-4A8F-82EA-DDBB16435C14}"
EndProject
Global
	GlobalSection(SolutionConfigurationPlatforms) = preSolution
		Debug|Any CPU = Debug|Any CPU
		Release|Any CPU = Release|Any CPU
	EndGlobalSection
	GlobalSection(ProjectConfigurationPlatforms) = postSolution
		{B04CF225-5379-4A15-88D5-2E76F6FF4F10}.Debug|Any CPU.ActiveCfg = Debug|Any CPU
		{B04CF225-5379-4A15-88D5-2E76F6FF4F10}.Debug|Any CPU.Build.0 = Debug|Any CPU
		{B04CF225-5379-4A15-88D5-2E76F6FF4F10}.Release|Any CPU.ActiveCfg = Release|Any CPU
		{B04CF225-5379-4A15-88D5-2E76F6FF4F10}.Release|Any CPU.Build.0 = Release|Any CPU
		{FF0030F2-82B3-4AFF-855F-982F0CBA8322}.Debug|Any CPU.ActiveCfg = Debug|Any CPU
		{FF0030F2-82B3-4AFF-855F-982F0CBA8322}.Debug|Any CPU.Build.0 = Debug|Any CPU
		{FF0030F2-82B3-4AFF-855F-982F0CBA8322}.Release|Any CPU.ActiveCfg = Release|Any CPU
		{FF0030F2-82B3-4AFF-855F-982F0CBA8322}.Release|Any CPU.Build.0 = Release|Any CPU
		{4E0197CD-775E-4591-9BF0-93BC67EF6519}.Debug|Any CPU.ActiveCfg = Debug|Any CPU
		{4E0197CD-775E-4591-9BF0-93BC67EF6519}.Debug|Any CPU.Build.0 = Debug|Any CPU
		{4E0197CD-775E-4591-9BF0-93BC67EF6519}.Release|Any CPU.ActiveCfg = Release|Any CPU
		{4E0197CD-775E-4591-9BF0-93BC67EF6519}.Release|Any CPU.Build.0 = Release|Any CPU
		{451AC2B1-4D38-4F09-BB5E-DA93DC9AD0C5}.Debug|Any CPU.ActiveCfg = Debug|Any CPU
		{451AC2B1-4D38-4F09-BB5E-DA93DC9AD0C5}.Debug|Any CPU.Build.0 = Debug|Any CPU
		{451AC2B1-4D38-4F09-BB5E-DA93DC9AD0C5}.Release|Any CPU.ActiveCfg = Release|Any CPU
		{451AC2B1-4D38-4F09-BB5E-DA93DC9AD0C5}.Release|Any CPU.Build.0 = Release|Any CPU
		{D052009B-0654-4A8F-82EA-DDBB16435C14}.Debug|Any CPU.ActiveCfg = Debug|Any CPU
		{D052009B-0654-4A8F-82EA-DDBB16435C14}.Debug|Any CPU.Build.0 = Debug|Any CPU
		{D052009B-0654-4A8F-82EA-DDBB16435C14}.Release|Any CPU.ActiveCfg = Release|Any CPU
		{D052009B-0654-4A8F-82EA-DDBB16435C14}.Release|Any CPU.Build.0 = Release|Any CPU
	EndGlobalSection
	GlobalSection(SolutionProperties) = preSolution
		HideSolutionNode = FALSE
	EndGlobalSection
	GlobalSection(ExtensibilityGlobals) = postSolution
		SolutionGuid = {A6706DEC-CCE7-467F-88EB-8334D36D9DE8}
	EndGlobalSection
EndGlobal
